
Microsoft Visual Studio Solution File, Format Version 12.00
# Visual Studio 15
Project("{FAE04EC0-301F-11D3-BF4B-00C04F79EFBC}") = "Assembly-CSharp", "Assembly-CSharp.csproj", "{50AD94F4-555F-3B58-68C5-B02CB0E25852}"
EndProject
Project("{FAE04EC0-301F-11D3-BF4B-00C04F79EFBC}") = "Assembly-CSharp-Editor", "Assembly-CSharp-Editor.csproj", "{1D5DFBAE-AA76-6FC2-7393-E805C858D659}"
EndProject
Global
	GlobalSection(SolutionConfigurationPlatforms) = preSolution
		Debug|Any CPU = Debug|Any CPU
		Release|Any CPU = Release|Any CPU
	EndGlobalSection
	GlobalSection(ProjectConfigurationPlatforms) = postSolution
		{50AD94F4-555F-3B58-68C5-B02CB0E25852}.Debug|Any CPU.ActiveCfg = Debug|Any CPU
		{50AD94F4-555F-3B58-68C5-B02CB0E25852}.Debug|Any CPU.Build.0 = Debug|Any CPU
		{50AD94F4-555F-3B58-68C5-B02CB0E25852}.Release|Any CPU.ActiveCfg = Release|Any CPU
		{50AD94F4-555F-3B58-68C5-B02CB0E25852}.Release|Any CPU.Build.0 = Release|Any CPU
		{1D5DFBAE-AA76-6FC2-7393-E805C858D659}.Debug|Any CPU.ActiveCfg = Debug|Any CPU
		{1D5DFBAE-AA76-6FC2-7393-E805C858D659}.Debug|Any CPU.Build.0 = Debug|Any CPU
		{1D5DFBAE-AA76-6FC2-7393-E805C858D659}.Release|Any CPU.ActiveCfg = Release|Any CPU
		{1D5DFBAE-AA76-6FC2-7393-E805C858D659}.Release|Any CPU.Build.0 = Release|Any CPU
	EndGlobalSection
	GlobalSection(SolutionProperties) = preSolution
		HideSolutionNode = FALSE
	EndGlobalSection
	GlobalSection(MonoDevelopProperties) = preSolution
		StartupItem = Assembly-CSharp.csproj
	EndGlobalSection
EndGlobal
